// !$*UTF8*$!
{
	archiveVersion = 1;
	classes = {
	};
	objectVersion = 50;
	objects = {

/* Begin PBXBuildFile section */
		E111377224EAB7E300EB3CDF /* AvatarWithShadow.swift in Sources */ = {isa = PBXBuildFile; fileRef = E111377124EAB7E300EB3CDF /* AvatarWithShadow.swift */; };
		E13EA03A24D181DF0016EB27 /* AppDelegate.swift in Sources */ = {isa = PBXBuildFile; fileRef = E13EA03924D181DF0016EB27 /* AppDelegate.swift */; };
		E13EA03C24D181DF0016EB27 /* SceneDelegate.swift in Sources */ = {isa = PBXBuildFile; fileRef = E13EA03B24D181DF0016EB27 /* SceneDelegate.swift */; };
		E13EA04124D181DF0016EB27 /* Main.storyboard in Resources */ = {isa = PBXBuildFile; fileRef = E13EA03F24D181DF0016EB27 /* Main.storyboard */; };
		E13EA04324D181E00016EB27 /* Assets.xcassets in Resources */ = {isa = PBXBuildFile; fileRef = E13EA04224D181E00016EB27 /* Assets.xcassets */; };
		E13EA04624D181E00016EB27 /* LaunchScreen.storyboard in Resources */ = {isa = PBXBuildFile; fileRef = E13EA04424D181E00016EB27 /* LaunchScreen.storyboard */; };
		E13EA04E24D182230016EB27 /* LoginFormController.swift in Sources */ = {isa = PBXBuildFile; fileRef = E13EA04D24D182230016EB27 /* LoginFormController.swift */; };
		E14AE83924E28DD100A26D90 /* ArrayOfActiveGroups.swift in Sources */ = {isa = PBXBuildFile; fileRef = E14AE83824E28DD100A26D90 /* ArrayOfActiveGroups.swift */; };
		E14AE83C24E28E8100A26D90 /* ArrayOfNewGroups.swift in Sources */ = {isa = PBXBuildFile; fileRef = E14AE83B24E28E8100A26D90 /* ArrayOfNewGroups.swift */; };
		E14AE84124E2ADAC00A26D90 /* ArrayOfFriends.swift in Sources */ = {isa = PBXBuildFile; fileRef = E14AE84024E2ADAC00A26D90 /* ArrayOfFriends.swift */; };
		E15817EF24E3DE6400AACBA5 /* LikeControlStackView.swift in Sources */ = {isa = PBXBuildFile; fileRef = E15817EE24E3DE6400AACBA5 /* LikeControlStackView.swift */; };
		E15817F124E42A9E00AACBA5 /* PhotoCollectionViewController.swift in Sources */ = {isa = PBXBuildFile; fileRef = E15817F024E42A9E00AACBA5 /* PhotoCollectionViewController.swift */; };
		E15817F324E42E8000AACBA5 /* PhotoCollectionViewCell.swift in Sources */ = {isa = PBXBuildFile; fileRef = E15817F224E42E8000AACBA5 /* PhotoCollectionViewCell.swift */; };
		E169D50224DABAEF00139FCE /* FriendsTableViewController.swift in Sources */ = {isa = PBXBuildFile; fileRef = E169D50124DABAEF00139FCE /* FriendsTableViewController.swift */; };
		E169D50424DABF5800139FCE /* Friend.swift in Sources */ = {isa = PBXBuildFile; fileRef = E169D50324DABF5800139FCE /* Friend.swift */; };
		E179E64E24DCB42400B242C7 /* NewGroupsTableViewController.swift in Sources */ = {isa = PBXBuildFile; fileRef = E179E64D24DCB42400B242C7 /* NewGroupsTableViewController.swift */; };
		E179E65024DCB47700B242C7 /* NewGroupsTableViewCell.swift in Sources */ = {isa = PBXBuildFile; fileRef = E179E64F24DCB47700B242C7 /* NewGroupsTableViewCell.swift */; };
		E1AC3E3324DCA001008EBB7C /* Group.swift in Sources */ = {isa = PBXBuildFile; fileRef = E1AC3E3224DCA001008EBB7C /* Group.swift */; };
		E1B7B12A24DB515D00100972 /* FriendViewCell.swift in Sources */ = {isa = PBXBuildFile; fileRef = E1B7B12924DB515D00100972 /* FriendViewCell.swift */; };
		E1BFDBC024FE28D300973A25 /* FirstNewsTableViewController.swift in Sources */ = {isa = PBXBuildFile; fileRef = E1BFDBBF24FE28D300973A25 /* FirstNewsTableViewController.swift */; };
		E1BFDBC224FE291100973A25 /* FirstNewTableViewCell.swift in Sources */ = {isa = PBXBuildFile; fileRef = E1BFDBC124FE291100973A25 /* FirstNewTableViewCell.swift */; };
		E1BFDBC524FE2F0900973A25 /* News.swift in Sources */ = {isa = PBXBuildFile; fileRef = E1BFDBC424FE2F0900973A25 /* News.swift */; };
		E1BFDBC724FE588300973A25 /* ArrayOfNews.swift in Sources */ = {isa = PBXBuildFile; fileRef = E1BFDBC624FE588300973A25 /* ArrayOfNews.swift */; };
		E1C7D58124DC51D80004F5F2 /* FriendsPhotoCollectionViewController.swift in Sources */ = {isa = PBXBuildFile; fileRef = E1C7D58024DC51D80004F5F2 /* FriendsPhotoCollectionViewController.swift */; };
		E1C7D58324DC52280004F5F2 /* FriendsPhotoViewCell.swift in Sources */ = {isa = PBXBuildFile; fileRef = E1C7D58224DC52280004F5F2 /* FriendsPhotoViewCell.swift */; };
		E1CCD9E124E4914800952EB7 /* LikeUIControl.swift in Sources */ = {isa = PBXBuildFile; fileRef = E1CCD9E024E4914800952EB7 /* LikeUIControl.swift */; };
		E1E87FD924DC93DC007D25BF /* ActiveGroupsTableViewController.swift in Sources */ = {isa = PBXBuildFile; fileRef = E1E87FD824DC93DC007D25BF /* ActiveGroupsTableViewController.swift */; };
		E1E87FDD24DC9B19007D25BF /* ActiveGroupTableViewCell.swift in Sources */ = {isa = PBXBuildFile; fileRef = E1E87FDC24DC9B19007D25BF /* ActiveGroupTableViewCell.swift */; };
		E1F593D524FFAEF70089192E /* NewsViewController.swift in Sources */ = {isa = PBXBuildFile; fileRef = E1F593D424FFAEF70089192E /* NewsViewController.swift */; };
		E1F593D824FFAF4F0089192E /* NewsTableViewCell.swift in Sources */ = {isa = PBXBuildFile; fileRef = E1F593D624FFAF4F0089192E /* NewsTableViewCell.swift */; };
		E1F593D924FFAF4F0089192E /* NewsTableViewCell.xib in Resources */ = {isa = PBXBuildFile; fileRef = E1F593D724FFAF4F0089192E /* NewsTableViewCell.xib */; };
		E1F593DB25016C620089192E /* DotsLoaderUIControl.swift in Sources */ = {isa = PBXBuildFile; fileRef = E1F593DA25016C620089192E /* DotsLoaderUIControl.swift */; };
/* End PBXBuildFile section */

/* Begin PBXFileReference section */
		E111377124EAB7E300EB3CDF /* AvatarWithShadow.swift */ = {isa = PBXFileReference; lastKnownFileType = sourcecode.swift; path = AvatarWithShadow.swift; sourceTree = "<group>"; };
		E13EA03624D181DF0016EB27 /* VKClone.app */ = {isa = PBXFileReference; explicitFileType = wrapper.application; includeInIndex = 0; path = VKClone.app; sourceTree = BUILT_PRODUCTS_DIR; };
		E13EA03924D181DF0016EB27 /* AppDelegate.swift */ = {isa = PBXFileReference; lastKnownFileType = sourcecode.swift; path = AppDelegate.swift; sourceTree = "<group>"; };
		E13EA03B24D181DF0016EB27 /* SceneDelegate.swift */ = {isa = PBXFileReference; lastKnownFileType = sourcecode.swift; path = SceneDelegate.swift; sourceTree = "<group>"; };
		E13EA04024D181DF0016EB27 /* Base */ = {isa = PBXFileReference; lastKnownFileType = file.storyboard; name = Base; path = Base.lproj/Main.storyboard; sourceTree = "<group>"; };
		E13EA04224D181E00016EB27 /* Assets.xcassets */ = {isa = PBXFileReference; lastKnownFileType = folder.assetcatalog; path = Assets.xcassets; sourceTree = "<group>"; };
		E13EA04524D181E00016EB27 /* Base */ = {isa = PBXFileReference; lastKnownFileType = file.storyboard; name = Base; path = Base.lproj/LaunchScreen.storyboard; sourceTree = "<group>"; };
		E13EA04724D181E00016EB27 /* Info.plist */ = {isa = PBXFileReference; lastKnownFileType = text.plist.xml; path = Info.plist; sourceTree = "<group>"; };
		E13EA04D24D182230016EB27 /* LoginFormController.swift */ = {isa = PBXFileReference; lastKnownFileType = sourcecode.swift; path = LoginFormController.swift; sourceTree = "<group>"; };
		E14AE83824E28DD100A26D90 /* ArrayOfActiveGroups.swift */ = {isa = PBXFileReference; lastKnownFileType = sourcecode.swift; path = ArrayOfActiveGroups.swift; sourceTree = "<group>"; };
		E14AE83B24E28E8100A26D90 /* ArrayOfNewGroups.swift */ = {isa = PBXFileReference; lastKnownFileType = sourcecode.swift; path = ArrayOfNewGroups.swift; sourceTree = "<group>"; };
		E14AE84024E2ADAC00A26D90 /* ArrayOfFriends.swift */ = {isa = PBXFileReference; lastKnownFileType = sourcecode.swift; path = ArrayOfFriends.swift; sourceTree = "<group>"; };
		E15817EE24E3DE6400AACBA5 /* LikeControlStackView.swift */ = {isa = PBXFileReference; lastKnownFileType = sourcecode.swift; path = LikeControlStackView.swift; sourceTree = "<group>"; };
		E15817F024E42A9E00AACBA5 /* PhotoCollectionViewController.swift */ = {isa = PBXFileReference; lastKnownFileType = sourcecode.swift; path = PhotoCollectionViewController.swift; sourceTree = "<group>"; };
		E15817F224E42E8000AACBA5 /* PhotoCollectionViewCell.swift */ = {isa = PBXFileReference; lastKnownFileType = sourcecode.swift; path = PhotoCollectionViewCell.swift; sourceTree = "<group>"; };
		E169D50124DABAEF00139FCE /* FriendsTableViewController.swift */ = {isa = PBXFileReference; lastKnownFileType = sourcecode.swift; path = FriendsTableViewController.swift; sourceTree = "<group>"; };
		E169D50324DABF5800139FCE /* Friend.swift */ = {isa = PBXFileReference; lastKnownFileType = sourcecode.swift; path = Friend.swift; sourceTree = "<group>"; };
		E179E64D24DCB42400B242C7 /* NewGroupsTableViewController.swift */ = {isa = PBXFileReference; lastKnownFileType = sourcecode.swift; path = NewGroupsTableViewController.swift; sourceTree = "<group>"; };
		E179E64F24DCB47700B242C7 /* NewGroupsTableViewCell.swift */ = {isa = PBXFileReference; lastKnownFileType = sourcecode.swift; path = NewGroupsTableViewCell.swift; sourceTree = "<group>"; };
		E1AC3E3224DCA001008EBB7C /* Group.swift */ = {isa = PBXFileReference; lastKnownFileType = sourcecode.swift; path = Group.swift; sourceTree = "<group>"; };
		E1B7B12924DB515D00100972 /* FriendViewCell.swift */ = {isa = PBXFileReference; lastKnownFileType = sourcecode.swift; path = FriendViewCell.swift; sourceTree = "<group>"; };
		E1BFDBBF24FE28D300973A25 /* FirstNewsTableViewController.swift */ = {isa = PBXFileReference; lastKnownFileType = sourcecode.swift; path = FirstNewsTableViewController.swift; sourceTree = "<group>"; };
		E1BFDBC124FE291100973A25 /* FirstNewTableViewCell.swift */ = {isa = PBXFileReference; lastKnownFileType = sourcecode.swift; path = FirstNewTableViewCell.swift; sourceTree = "<group>"; };
		E1BFDBC424FE2F0900973A25 /* News.swift */ = {isa = PBXFileReference; lastKnownFileType = sourcecode.swift; path = News.swift; sourceTree = "<group>"; };
		E1BFDBC624FE588300973A25 /* ArrayOfNews.swift */ = {isa = PBXFileReference; lastKnownFileType = sourcecode.swift; path = ArrayOfNews.swift; sourceTree = "<group>"; };
		E1C7D58024DC51D80004F5F2 /* FriendsPhotoCollectionViewController.swift */ = {isa = PBXFileReference; lastKnownFileType = sourcecode.swift; path = FriendsPhotoCollectionViewController.swift; sourceTree = "<group>"; };
		E1C7D58224DC52280004F5F2 /* FriendsPhotoViewCell.swift */ = {isa = PBXFileReference; lastKnownFileType = sourcecode.swift; path = FriendsPhotoViewCell.swift; sourceTree = "<group>"; };
		E1CCD9E024E4914800952EB7 /* LikeUIControl.swift */ = {isa = PBXFileReference; lastKnownFileType = sourcecode.swift; path = LikeUIControl.swift; sourceTree = "<group>"; };
		E1E87FD824DC93DC007D25BF /* ActiveGroupsTableViewController.swift */ = {isa = PBXFileReference; lastKnownFileType = sourcecode.swift; path = ActiveGroupsTableViewController.swift; sourceTree = "<group>"; };
		E1E87FDC24DC9B19007D25BF /* ActiveGroupTableViewCell.swift */ = {isa = PBXFileReference; lastKnownFileType = sourcecode.swift; path = ActiveGroupTableViewCell.swift; sourceTree = "<group>"; };
		E1F593D424FFAEF70089192E /* NewsViewController.swift */ = {isa = PBXFileReference; lastKnownFileType = sourcecode.swift; path = NewsViewController.swift; sourceTree = "<group>"; };
		E1F593D624FFAF4F0089192E /* NewsTableViewCell.swift */ = {isa = PBXFileReference; lastKnownFileType = sourcecode.swift; path = NewsTableViewCell.swift; sourceTree = "<group>"; };
		E1F593D724FFAF4F0089192E /* NewsTableViewCell.xib */ = {isa = PBXFileReference; lastKnownFileType = file.xib; path = NewsTableViewCell.xib; sourceTree = "<group>"; };
		E1F593DA25016C620089192E /* DotsLoaderUIControl.swift */ = {isa = PBXFileReference; lastKnownFileType = sourcecode.swift; path = DotsLoaderUIControl.swift; sourceTree = "<group>"; };
/* End PBXFileReference section */

/* Begin PBXFrameworksBuildPhase section */
		E13EA03324D181DF0016EB27 /* Frameworks */ = {
			isa = PBXFrameworksBuildPhase;
			buildActionMask = 2147483647;
			files = (
			);
			runOnlyForDeploymentPostprocessing = 0;
		};
/* End PBXFrameworksBuildPhase section */

/* Begin PBXGroup section */
		E13EA02D24D181DF0016EB27 = {
			isa = PBXGroup;
			children = (
				E13EA03824D181DF0016EB27 /* VKClone */,
				E13EA03724D181DF0016EB27 /* Products */,
				E18FA9F024F7EEB90092911D /* Test */,
			);
			sourceTree = "<group>";
		};
		E13EA03724D181DF0016EB27 /* Products */ = {
			isa = PBXGroup;
			children = (
				E13EA03624D181DF0016EB27 /* VKClone.app */,
			);
			name = Products;
			sourceTree = "<group>";
		};
		E13EA03824D181DF0016EB27 /* VKClone */ = {
			isa = PBXGroup;
			children = (
				E14AE83F24E2AD9300A26D90 /* Resources */,
				E1B7B12824DB50DE00100972 /* Friends */,
				E1BFDBBE24FD98C800973A25 /* News */,
				E1E87FD424DC9311007D25BF /* Groups */,
				E13EA04D24D182230016EB27 /* LoginFormController.swift */,
				E13EA03924D181DF0016EB27 /* AppDelegate.swift */,
				E13EA03B24D181DF0016EB27 /* SceneDelegate.swift */,
				E13EA03F24D181DF0016EB27 /* Main.storyboard */,
				E13EA04224D181E00016EB27 /* Assets.xcassets */,
				E13EA04424D181E00016EB27 /* LaunchScreen.storyboard */,
				E13EA04724D181E00016EB27 /* Info.plist */,
			);
			path = VKClone;
			sourceTree = "<group>";
		};
		E14AE83D24E2AC4C00A26D90 /* Model */ = {
			isa = PBXGroup;
			children = (
				E1AC3E3224DCA001008EBB7C /* Group.swift */,
			);
			path = Model;
			sourceTree = "<group>";
		};
		E14AE83E24E2AC8E00A26D90 /* Resources */ = {
			isa = PBXGroup;
			children = (
			);
			path = Resources;
			sourceTree = "<group>";
		};
		E14AE83F24E2AD9300A26D90 /* Resources */ = {
			isa = PBXGroup;
			children = (
				E14AE83B24E28E8100A26D90 /* ArrayOfNewGroups.swift */,
				E111377124EAB7E300EB3CDF /* AvatarWithShadow.swift */,
				E1CCD9E024E4914800952EB7 /* LikeUIControl.swift */,
				E14AE83824E28DD100A26D90 /* ArrayOfActiveGroups.swift */,
				E14AE84024E2ADAC00A26D90 /* ArrayOfFriends.swift */,
				E1BFDBC624FE588300973A25 /* ArrayOfNews.swift */,
				E1F593DA25016C620089192E /* DotsLoaderUIControl.swift */,
			);
			path = Resources;
			sourceTree = "<group>";
		};
		E15817ED24E3DDC700AACBA5 /* LikeControl */ = {
			isa = PBXGroup;
			children = (
			);
			path = LikeControl;
			sourceTree = "<group>";
		};
		E169D4FE24DAA09000139FCE /* Models */ = {
			isa = PBXGroup;
			children = (
				E169D50324DABF5800139FCE /* Friend.swift */,
			);
			path = Models;
			sourceTree = "<group>";
		};
		E18FA9F024F7EEB90092911D /* Test */ = {
			isa = PBXGroup;
			children = (
				E15817EE24E3DE6400AACBA5 /* LikeControlStackView.swift */,
			);
			path = Test;
			sourceTree = "<group>";
		};
		E1B7B12824DB50DE00100972 /* Friends */ = {
			isa = PBXGroup;
			children = (
				E15817ED24E3DDC700AACBA5 /* LikeControl */,
				E169D4FE24DAA09000139FCE /* Models */,
				E1C7D57F24DC51680004F5F2 /* FriendsCollectionView */,
				E1C7D57E24DC51390004F5F2 /* FriendsTableView */,
			);
			path = Friends;
			sourceTree = "<group>";
		};
		E1BFDBBE24FD98C800973A25 /* News */ = {
			isa = PBXGroup;
			children = (
				E1BFDBC924FF816400973A25 /* NewsViewController */,
				E1BFDBC824FF812A00973A25 /* FirstTableViewController */,
				E1BFDBC324FE2EB500973A25 /* Models */,
			);
			path = News;
			sourceTree = "<group>";
		};
		E1BFDBC324FE2EB500973A25 /* Models */ = {
			isa = PBXGroup;
			children = (
				E1BFDBC424FE2F0900973A25 /* News.swift */,
			);
			path = Models;
			sourceTree = "<group>";
		};
		E1BFDBC824FF812A00973A25 /* FirstTableViewController */ = {
			isa = PBXGroup;
			children = (
				E1BFDBC124FE291100973A25 /* FirstNewTableViewCell.swift */,
				E1BFDBBF24FE28D300973A25 /* FirstNewsTableViewController.swift */,
			);
			path = FirstTableViewController;
			sourceTree = "<group>";
		};
		E1BFDBC924FF816400973A25 /* NewsViewController */ = {
			isa = PBXGroup;
			children = (
				E1F593D424FFAEF70089192E /* NewsViewController.swift */,
				E1F593D624FFAF4F0089192E /* NewsTableViewCell.swift */,
				E1F593D724FFAF4F0089192E /* NewsTableViewCell.xib */,
			);
			path = NewsViewController;
			sourceTree = "<group>";
		};
		E1C7D57E24DC51390004F5F2 /* FriendsTableView */ = {
			isa = PBXGroup;
			children = (
				E169D50124DABAEF00139FCE /* FriendsTableViewController.swift */,
				E1B7B12924DB515D00100972 /* FriendViewCell.swift */,
			);
			path = FriendsTableView;
			sourceTree = "<group>";
		};
		E1C7D57F24DC51680004F5F2 /* FriendsCollectionView */ = {
			isa = PBXGroup;
			children = (
				E1C7D58024DC51D80004F5F2 /* FriendsPhotoCollectionViewController.swift */,
				E1C7D58224DC52280004F5F2 /* FriendsPhotoViewCell.swift */,
				E15817F024E42A9E00AACBA5 /* PhotoCollectionViewController.swift */,
				E15817F224E42E8000AACBA5 /* PhotoCollectionViewCell.swift */,
			);
			path = FriendsCollectionView;
			sourceTree = "<group>";
		};
		E1E87FD424DC9311007D25BF /* Groups */ = {
			isa = PBXGroup;
			children = (
				E14AE83D24E2AC4C00A26D90 /* Model */,
				E1E87FD724DC939E007D25BF /* NewGroups */,
				E1E87FD524DC9333007D25BF /* ActiveGroups */,
				E14AE83E24E2AC8E00A26D90 /* Resources */,
			);
			path = Groups;
			sourceTree = "<group>";
		};
		E1E87FD524DC9333007D25BF /* ActiveGroups */ = {
			isa = PBXGroup;
			children = (
				E1E87FD824DC93DC007D25BF /* ActiveGroupsTableViewController.swift */,
				E1E87FDC24DC9B19007D25BF /* ActiveGroupTableViewCell.swift */,
			);
			path = ActiveGroups;
			sourceTree = "<group>";
		};
		E1E87FD724DC939E007D25BF /* NewGroups */ = {
			isa = PBXGroup;
			children = (
				E179E64D24DCB42400B242C7 /* NewGroupsTableViewController.swift */,
				E179E64F24DCB47700B242C7 /* NewGroupsTableViewCell.swift */,
			);
			path = NewGroups;
			sourceTree = "<group>";
		};
/* End PBXGroup section */

/* Begin PBXNativeTarget section */
		E13EA03524D181DF0016EB27 /* VKClone */ = {
			isa = PBXNativeTarget;
			buildConfigurationList = E13EA04A24D181E00016EB27 /* Build configuration list for PBXNativeTarget "VKClone" */;
			buildPhases = (
				E13EA03224D181DF0016EB27 /* Sources */,
				E13EA03324D181DF0016EB27 /* Frameworks */,
				E13EA03424D181DF0016EB27 /* Resources */,
			);
			buildRules = (
			);
			dependencies = (
			);
			name = VKClone;
			productName = VKClone;
			productReference = E13EA03624D181DF0016EB27 /* VKClone.app */;
			productType = "com.apple.product-type.application";
		};
/* End PBXNativeTarget section */

/* Begin PBXProject section */
		E13EA02E24D181DF0016EB27 /* Project object */ = {
			isa = PBXProject;
			attributes = {
				LastSwiftUpdateCheck = 1160;
				LastUpgradeCheck = 1160;
				ORGANIZATIONNAME = "Vitaly Prosvetov";
				TargetAttributes = {
					E13EA03524D181DF0016EB27 = {
						CreatedOnToolsVersion = 11.6;
					};
				};
			};
			buildConfigurationList = E13EA03124D181DF0016EB27 /* Build configuration list for PBXProject "VKClone" */;
			compatibilityVersion = "Xcode 9.3";
			developmentRegion = en;
			hasScannedForEncodings = 0;
			knownRegions = (
				en,
				Base,
			);
			mainGroup = E13EA02D24D181DF0016EB27;
			productRefGroup = E13EA03724D181DF0016EB27 /* Products */;
			projectDirPath = "";
			projectRoot = "";
			targets = (
				E13EA03524D181DF0016EB27 /* VKClone */,
			);
		};
/* End PBXProject section */

/* Begin PBXResourcesBuildPhase section */
		E13EA03424D181DF0016EB27 /* Resources */ = {
			isa = PBXResourcesBuildPhase;
			buildActionMask = 2147483647;
			files = (
				E13EA04624D181E00016EB27 /* LaunchScreen.storyboard in Resources */,
				E13EA04324D181E00016EB27 /* Assets.xcassets in Resources */,
				E1F593D924FFAF4F0089192E /* NewsTableViewCell.xib in Resources */,
				E13EA04124D181DF0016EB27 /* Main.storyboard in Resources */,
			);
			runOnlyForDeploymentPostprocessing = 0;
		};
/* End PBXResourcesBuildPhase section */

/* Begin PBXSourcesBuildPhase section */
		E13EA03224D181DF0016EB27 /* Sources */ = {
			isa = PBXSourcesBuildPhase;
			buildActionMask = 2147483647;
			files = (
				E1B7B12A24DB515D00100972 /* FriendViewCell.swift in Sources */,
				E169D50424DABF5800139FCE /* Friend.swift in Sources */,
				E1E87FD924DC93DC007D25BF /* ActiveGroupsTableViewController.swift in Sources */,
				E1AC3E3324DCA001008EBB7C /* Group.swift in Sources */,
				E1BFDBC024FE28D300973A25 /* FirstNewsTableViewController.swift in Sources */,
				E15817F324E42E8000AACBA5 /* PhotoCollectionViewCell.swift in Sources */,
				E13EA04E24D182230016EB27 /* LoginFormController.swift in Sources */,
				E15817EF24E3DE6400AACBA5 /* LikeControlStackView.swift in Sources */,
				E1F593D824FFAF4F0089192E /* NewsTableViewCell.swift in Sources */,
				E13EA03A24D181DF0016EB27 /* AppDelegate.swift in Sources */,
				E179E65024DCB47700B242C7 /* NewGroupsTableViewCell.swift in Sources */,
				E169D50224DABAEF00139FCE /* FriendsTableViewController.swift in Sources */,
				E1E87FDD24DC9B19007D25BF /* ActiveGroupTableViewCell.swift in Sources */,
				E1C7D58324DC52280004F5F2 /* FriendsPhotoViewCell.swift in Sources */,
				E1BFDBC724FE588300973A25 /* ArrayOfNews.swift in Sources */,
				E13EA03C24D181DF0016EB27 /* SceneDelegate.swift in Sources */,
				E179E64E24DCB42400B242C7 /* NewGroupsTableViewController.swift in Sources */,
				E15817F124E42A9E00AACBA5 /* PhotoCollectionViewController.swift in Sources */,
				E1C7D58124DC51D80004F5F2 /* FriendsPhotoCollectionViewController.swift in Sources */,
				E1F593DB25016C620089192E /* DotsLoaderUIControl.swift in Sources */,
				E14AE83924E28DD100A26D90 /* ArrayOfActiveGroups.swift in Sources */,
				E1F593D524FFAEF70089192E /* NewsViewController.swift in Sources */,
				E1BFDBC524FE2F0900973A25 /* News.swift in Sources */,
				E14AE84124E2ADAC00A26D90 /* ArrayOfFriends.swift in Sources */,
				E1BFDBC224FE291100973A25 /* FirstNewTableViewCell.swift in Sources */,
				E1CCD9E124E4914800952EB7 /* LikeUIControl.swift in Sources */,
				E111377224EAB7E300EB3CDF /* AvatarWithShadow.swift in Sources */,
				E14AE83C24E28E8100A26D90 /* ArrayOfNewGroups.swift in Sources */,
			);
			runOnlyForDeploymentPostprocessing = 0;
		};
/* End PBXSourcesBuildPhase section */

/* Begin PBXVariantGroup section */
		E13EA03F24D181DF0016EB27 /* Main.storyboard */ = {
			isa = PBXVariantGroup;
			children = (
				E13EA04024D181DF0016EB27 /* Base */,
			);
			name = Main.storyboard;
			sourceTree = "<group>";
		};
		E13EA04424D181E00016EB27 /* LaunchScreen.storyboard */ = {
			isa = PBXVariantGroup;
			children = (
				E13EA04524D181E00016EB27 /* Base */,
			);
			name = LaunchScreen.storyboard;
			sourceTree = "<group>";
		};
/* End PBXVariantGroup section */

/* Begin XCBuildConfiguration section */
		E13EA04824D181E00016EB27 /* Debug */ = {
			isa = XCBuildConfiguration;
			buildSettings = {
				ALWAYS_SEARCH_USER_PATHS = NO;
				CLANG_ANALYZER_NONNULL = YES;
				CLANG_ANALYZER_NUMBER_OBJECT_CONVERSION = YES_AGGRESSIVE;
				CLANG_CXX_LANGUAGE_STANDARD = "gnu++14";
				CLANG_CXX_LIBRARY = "libc++";
				CLANG_ENABLE_MODULES = YES;
				CLANG_ENABLE_OBJC_ARC = YES;
				CLANG_ENABLE_OBJC_WEAK = YES;
				CLANG_WARN_BLOCK_CAPTURE_AUTORELEASING = YES;
				CLANG_WARN_BOOL_CONVERSION = YES;
				CLANG_WARN_COMMA = YES;
				CLANG_WARN_CONSTANT_CONVERSION = YES;
				CLANG_WARN_DEPRECATED_OBJC_IMPLEMENTATIONS = YES;
				CLANG_WARN_DIRECT_OBJC_ISA_USAGE = YES_ERROR;
				CLANG_WARN_DOCUMENTATION_COMMENTS = YES;
				CLANG_WARN_EMPTY_BODY = YES;
				CLANG_WARN_ENUM_CONVERSION = YES;
				CLANG_WARN_INFINITE_RECURSION = YES;
				CLANG_WARN_INT_CONVERSION = YES;
				CLANG_WARN_NON_LITERAL_NULL_CONVERSION = YES;
				CLANG_WARN_OBJC_IMPLICIT_RETAIN_SELF = YES;
				CLANG_WARN_OBJC_LITERAL_CONVERSION = YES;
				CLANG_WARN_OBJC_ROOT_CLASS = YES_ERROR;
				CLANG_WARN_RANGE_LOOP_ANALYSIS = YES;
				CLANG_WARN_STRICT_PROTOTYPES = YES;
				CLANG_WARN_SUSPICIOUS_MOVE = YES;
				CLANG_WARN_UNGUARDED_AVAILABILITY = YES_AGGRESSIVE;
				CLANG_WARN_UNREACHABLE_CODE = YES;
				CLANG_WARN__DUPLICATE_METHOD_MATCH = YES;
				COPY_PHASE_STRIP = NO;
				DEBUG_INFORMATION_FORMAT = dwarf;
				ENABLE_STRICT_OBJC_MSGSEND = YES;
				ENABLE_TESTABILITY = YES;
				GCC_C_LANGUAGE_STANDARD = gnu11;
				GCC_DYNAMIC_NO_PIC = NO;
				GCC_NO_COMMON_BLOCKS = YES;
				GCC_OPTIMIZATION_LEVEL = 0;
				GCC_PREPROCESSOR_DEFINITIONS = (
					"DEBUG=1",
					"$(inherited)",
				);
				GCC_WARN_64_TO_32_BIT_CONVERSION = YES;
				GCC_WARN_ABOUT_RETURN_TYPE = YES_ERROR;
				GCC_WARN_UNDECLARED_SELECTOR = YES;
				GCC_WARN_UNINITIALIZED_AUTOS = YES_AGGRESSIVE;
				GCC_WARN_UNUSED_FUNCTION = YES;
				GCC_WARN_UNUSED_VARIABLE = YES;
				IPHONEOS_DEPLOYMENT_TARGET = 13.6;
				MTL_ENABLE_DEBUG_INFO = INCLUDE_SOURCE;
				MTL_FAST_MATH = YES;
				ONLY_ACTIVE_ARCH = YES;
				SDKROOT = iphoneos;
				SWIFT_ACTIVE_COMPILATION_CONDITIONS = DEBUG;
				SWIFT_OPTIMIZATION_LEVEL = "-Onone";
			};
			name = Debug;
		};
		E13EA04924D181E00016EB27 /* Release */ = {
			isa = XCBuildConfiguration;
			buildSettings = {
				ALWAYS_SEARCH_USER_PATHS = NO;
				CLANG_ANALYZER_NONNULL = YES;
				CLANG_ANALYZER_NUMBER_OBJECT_CONVERSION = YES_AGGRESSIVE;
				CLANG_CXX_LANGUAGE_STANDARD = "gnu++14";
				CLANG_CXX_LIBRARY = "libc++";
				CLANG_ENABLE_MODULES = YES;
				CLANG_ENABLE_OBJC_ARC = YES;
				CLANG_ENABLE_OBJC_WEAK = YES;
				CLANG_WARN_BLOCK_CAPTURE_AUTORELEASING = YES;
				CLANG_WARN_BOOL_CONVERSION = YES;
				CLANG_WARN_COMMA = YES;
				CLANG_WARN_CONSTANT_CONVERSION = YES;
				CLANG_WARN_DEPRECATED_OBJC_IMPLEMENTATIONS = YES;
				CLANG_WARN_DIRECT_OBJC_ISA_USAGE = YES_ERROR;
				CLANG_WARN_DOCUMENTATION_COMMENTS = YES;
				CLANG_WARN_EMPTY_BODY = YES;
				CLANG_WARN_ENUM_CONVERSION = YES;
				CLANG_WARN_INFINITE_RECURSION = YES;
				CLANG_WARN_INT_CONVERSION = YES;
				CLANG_WARN_NON_LITERAL_NULL_CONVERSION = YES;
				CLANG_WARN_OBJC_IMPLICIT_RETAIN_SELF = YES;
				CLANG_WARN_OBJC_LITERAL_CONVERSION = YES;
				CLANG_WARN_OBJC_ROOT_CLASS = YES_ERROR;
				CLANG_WARN_RANGE_LOOP_ANALYSIS = YES;
				CLANG_WARN_STRICT_PROTOTYPES = YES;
				CLANG_WARN_SUSPICIOUS_MOVE = YES;
				CLANG_WARN_UNGUARDED_AVAILABILITY = YES_AGGRESSIVE;
				CLANG_WARN_UNREACHABLE_CODE = YES;
				CLANG_WARN__DUPLICATE_METHOD_MATCH = YES;
				COPY_PHASE_STRIP = NO;
				DEBUG_INFORMATION_FORMAT = "dwarf-with-dsym";
				ENABLE_NS_ASSERTIONS = NO;
				ENABLE_STRICT_OBJC_MSGSEND = YES;
				GCC_C_LANGUAGE_STANDARD = gnu11;
				GCC_NO_COMMON_BLOCKS = YES;
				GCC_WARN_64_TO_32_BIT_CONVERSION = YES;
				GCC_WARN_ABOUT_RETURN_TYPE = YES_ERROR;
				GCC_WARN_UNDECLARED_SELECTOR = YES;
				GCC_WARN_UNINITIALIZED_AUTOS = YES_AGGRESSIVE;
				GCC_WARN_UNUSED_FUNCTION = YES;
				GCC_WARN_UNUSED_VARIABLE = YES;
				IPHONEOS_DEPLOYMENT_TARGET = 13.6;
				MTL_ENABLE_DEBUG_INFO = NO;
				MTL_FAST_MATH = YES;
				SDKROOT = iphoneos;
				SWIFT_COMPILATION_MODE = wholemodule;
				SWIFT_OPTIMIZATION_LEVEL = "-O";
				VALIDATE_PRODUCT = YES;
			};
			name = Release;
		};
		E13EA04B24D181E00016EB27 /* Debug */ = {
			isa = XCBuildConfiguration;
			buildSettings = {
				ASSETCATALOG_COMPILER_APPICON_NAME = AppIcon;
				CODE_SIGN_STYLE = Automatic;
				DEVELOPMENT_TEAM = 7U5XZ95AHH;
				INFOPLIST_FILE = VKClone/Info.plist;
				LD_RUNPATH_SEARCH_PATHS = (
					"$(inherited)",
					"@executable_path/Frameworks",
				);
				PRODUCT_BUNDLE_IDENTIFIER = com.vitalyprosvetov.VKClone;
				PRODUCT_NAME = "$(TARGET_NAME)";
				SWIFT_VERSION = 5.0;
				TARGETED_DEVICE_FAMILY = "1,2";
			};
			name = Debug;
		};
		E13EA04C24D181E00016EB27 /* Release */ = {
			isa = XCBuildConfiguration;
			buildSettings = {
				ASSETCATALOG_COMPILER_APPICON_NAME = AppIcon;
				CODE_SIGN_STYLE = Automatic;
				DEVELOPMENT_TEAM = 7U5XZ95AHH;
				INFOPLIST_FILE = VKClone/Info.plist;
				LD_RUNPATH_SEARCH_PATHS = (
					"$(inherited)",
					"@executable_path/Frameworks",
				);
				PRODUCT_BUNDLE_IDENTIFIER = com.vitalyprosvetov.VKClone;
				PRODUCT_NAME = "$(TARGET_NAME)";
				SWIFT_VERSION = 5.0;
				TARGETED_DEVICE_FAMILY = "1,2";
			};
			name = Release;
		};
/* End XCBuildConfiguration section */

/* Begin XCConfigurationList section */
		E13EA03124D181DF0016EB27 /* Build configuration list for PBXProject "VKClone" */ = {
			isa = XCConfigurationList;
			buildConfigurations = (
				E13EA04824D181E00016EB27 /* Debug */,
				E13EA04924D181E00016EB27 /* Release */,
			);
			defaultConfigurationIsVisible = 0;
			defaultConfigurationName = Release;
		};
		E13EA04A24D181E00016EB27 /* Build configuration list for PBXNativeTarget "VKClone" */ = {
			isa = XCConfigurationList;
			buildConfigurations = (
				E13EA04B24D181E00016EB27 /* Debug */,
				E13EA04C24D181E00016EB27 /* Release */,
			);
			defaultConfigurationIsVisible = 0;
			defaultConfigurationName = Release;
		};
/* End XCConfigurationList section */
	};
	rootObject = E13EA02E24D181DF0016EB27 /* Project object */;
}
